{
  "name": "alberta-assistant",
  "version": "1.0.0",
  "lockfileVersion": 3,
  "requires": true,
  "packages": {
    "": {
      "name": "alberta-assistant",
      "version": "1.0.0",
      "license": "ISC",
      "dependencies": {
        "atoma-sdk": "github:atoma-network/atoma-sdk-typescript",
        "dotenv": "^16.4.7",
        "node-nmap": "^4.0.0"
      }
    },
    "node_modules/@noble/curves": {
      "version": "1.8.1",
      "resolved": "https://registry.npmjs.org/@noble/curves/-/curves-1.8.1.tgz",
      "integrity": "sha512-warwspo+UYUPep0Q+vtdVB4Ugn8GGQj8iyB3gnRWsztmUHTI3S1nhdiWNsPUGL0vud7JlRRk1XEu7Lq1KGTnMQ==",
      "license": "MIT",
      "dependencies": {
        "@noble/hashes": "1.7.1"
      },
      "engines": {
        "node": "^14.21.3 || >=16"
      },
      "funding": {
        "url": "https://paulmillr.com/funding/"
      }
    },
    "node_modules/@noble/hashes": {
      "version": "1.7.1",
      "resolved": "https://registry.npmjs.org/@noble/hashes/-/hashes-1.7.1.tgz",
      "integrity": "sha512-B8XBPsn4vT/KJAGqDzbwztd+6Yte3P4V7iafm24bxgDe/mlRuK6xmWPuCNrKt2vDafZ8MfJLlchDG/vYafQEjQ==",
      "license": "MIT",
      "engines": {
        "node": "^14.21.3 || >=16"
      },
      "funding": {
        "url": "https://paulmillr.com/funding/"
      }
    },
    "node_modules/atoma-sdk": {
      "version": "0.1.0",
      "resolved": "git+ssh://git@github.com/atoma-network/atoma-sdk-typescript.git#6c3f14dc4850fc516c3cb543e5d99b13b13eac82",
      "dependencies": {
        "@noble/curves": "^1.8.1",
        "blake2": "^5.0.0",
        "tweetnacl": "^1.0.3"
      },
      "peerDependencies": {
        "zod": ">= 3"
      }
    },
    "node_modules/blake2": {
      "version": "5.0.0",
      "resolved": "https://registry.npmjs.org/blake2/-/blake2-5.0.0.tgz",
      "integrity": "sha512-MLpq1DwBB9rC0IHuRc2gXLEAeNNTTYHEtvYCA5lK4RmoUPRmQLSLQrwgJvou62BvH9KP7whe8n+xxw45++fnYg==",
      "hasInstallScript": true,
      "license": "ISC",
      "dependencies": {
        "nan": "^2.17.0"
      },
      "engines": {
        "node": ">= 12.0.0"
      }
    },
    "node_modules/dotenv": {
      "version": "16.4.7",
      "resolved": "https://registry.npmjs.org/dotenv/-/dotenv-16.4.7.tgz",
      "integrity": "sha512-47qPchRCykZC03FhkYAhrvwU4xDBFIj1QPqaarj6mdM/hgUzfPHcpkHJOn3mJAufFeeAxAzeGsr5X0M4k6fLZQ==",
      "license": "BSD-2-Clause",
      "engines": {
        "node": ">=12"
      },
      "funding": {
        "url": "https://dotenvx.com"
      }
    },
    "node_modules/nan": {
      "version": "2.22.0",
      "resolved": "https://registry.npmjs.org/nan/-/nan-2.22.0.tgz",
      "integrity": "sha512-nbajikzWTMwsW+eSsNm3QwlOs7het9gGJU5dDZzRTQGk03vyBOauxgI4VakDzE0PtsGTmXPsXTbbjVhRwR5mpw==",
      "license": "MIT"
    },
    "node_modules/node-nmap": {
      "version": "4.0.0",
      "resolved": "https://registry.npmjs.org/node-nmap/-/node-nmap-4.0.0.tgz",
      "integrity": "sha512-VJGebpYsfqmUm46+Fq0qp1Y9VXGXZ7/WL03tHGy1oJHHxaJ2DvYLMjuYWYHDV0pgUL+e5/9rCN/QEsx3+fU9TA==",
      "license": "MIT",
      "dependencies": {
        "queued-up": "^2.0.2",
        "xml2js": "^0.4.15"
      }
    },
    "node_modules/queued-up": {
      "version": "2.0.2",
      "resolved": "https://registry.npmjs.org/queued-up/-/queued-up-2.0.2.tgz",
      "integrity": "sha512-6ToqVyUPHRoIcxLKyUz7TCph2NULzoc41TAjdX/Fv7wsvj+E7tAAgqOab1cIFe0uTLJNWOswbLG4eDd2j3Y8AA==",
      "license": "MIT"
    },
    "node_modules/sax": {
      "version": "1.4.1",
      "resolved": "https://registry.npmjs.org/sax/-/sax-1.4.1.tgz",
      "integrity": "sha512-+aWOz7yVScEGoKNd4PA10LZ8sk0A/z5+nXQG5giUO5rprX9jgYsTdov9qCchZiPIZezbZH+jRut8nPodFAX4Jg==",
      "license": "ISC"
    },
    "node_modules/tweetnacl": {
      "version": "1.0.3",
      "resolved": "https://registry.npmjs.org/tweetnacl/-/tweetnacl-1.0.3.tgz",
      "integrity": "sha512-6rt+RN7aOi1nGMyC4Xa5DdYiukl2UWCbcJft7YhxReBGQD7OAM8Pbxw6YMo4r2diNEA8FEmu32YOn9rhaiE5yw==",
      "license": "Unlicense"
    },
    "node_modules/xml2js": {
      "version": "0.4.23",
      "resolved": "https://registry.npmjs.org/xml2js/-/xml2js-0.4.23.tgz",
      "integrity": "sha512-ySPiMjM0+pLDftHgXY4By0uswI3SPKLDw/i3UXbnO8M/p28zqexCUoPmQFrYD+/1BzhGJSs2i1ERWKJAtiLrug==",
      "license": "MIT",
      "dependencies": {
        "sax": ">=0.6.0",
        "xmlbuilder": "~11.0.0"
      },
      "engines": {
        "node": ">=4.0.0"
      }
    },
    "node_modules/xmlbuilder": {
      "version": "11.0.1",
      "resolved": "https://registry.npmjs.org/xmlbuilder/-/xmlbuilder-11.0.1.tgz",
      "integrity": "sha512-fDlsI/kFEx7gLvbecc0/ohLG50fugQp8ryHzMTuW9vSa1GJ0XYWKnhsUx7oie3G98+r56aTQIUB4kht42R3JvA==",
      "license": "MIT",
      "engines": {
        "node": ">=4.0"
      }
    },
    "node_modules/zod": {
      "version": "3.24.1",
      "resolved": "https://registry.npmjs.org/zod/-/zod-3.24.1.tgz",
      "integrity": "sha512-muH7gBL9sI1nciMZV67X5fTKKBLtwpZ5VBp1vsOQzj1MhrBZ4wlVCm3gedKZWLp0Oyel8sIGfeiz54Su+OVT+A==",
      "license": "MIT",
      "peer": true,
      "funding": {
        "url": "https://github.com/sponsors/colinhacks"
      }
    }
  }
}
